
Microsoft Visual Studio Solution File, Format Version 12.00
# Visual Studio Version 17
VisualStudioVersion = 17.5.33530.505
MinimumVisualStudioVersion = 10.0.40219.1
Project("{FAE04EC0-301F-11D3-BF4B-00C04F79EFBC}") = "KiralyJatek", "KiralyJatek\KiralyJatek.csproj", "{FDBE458F-B650-4716-A708-CEBD5C52C537}"
EndProject
Global
	GlobalSection(SolutionConfigurationPlatforms) = preSolution
		Debug|Any CPU = Debug|Any CPU
		Release|Any CPU = Release|Any CPU
	EndGlobalSection
	GlobalSection(ProjectConfigurationPlatforms) = postSolution
		{FDBE458F-B650-4716-A708-CEBD5C52C537}.Debug|Any CPU.ActiveCfg = Debug|Any CPU
		{FDBE458F-B650-4716-A708-CEBD5C52C537}.Debug|Any CPU.Build.0 = Debug|Any CPU
		{FDBE458F-B650-4716-A708-CEBD5C52C537}.Release|Any CPU.ActiveCfg = Release|Any CPU
		{FDBE458F-B650-4716-A708-CEBD5C52C537}.Release|Any CPU.Build.0 = Release|Any CPU
	EndGlobalSection
	GlobalSection(SolutionProperties) = preSolution
		HideSolutionNode = FALSE
	EndGlobalSection
	GlobalSection(ExtensibilityGlobals) = postSolution
		SolutionGuid = {7FB9B4D7-21A8-4F70-8435-FC5C99566EA9}
	EndGlobalSection
EndGlobal
